
Microsoft Visual Studio Solution File, Format Version 12.00
# Visual Studio Version 17
VisualStudioVersion = 17.0.31903.59
MinimumVisualStudioVersion = 10.0.40219.1
Project("{9A19103F-16F7-4668-BE54-9A1E7A4F7556}") = "SmartHub.WebApi", "SmartHub.WebApi\SmartHub.WebApi.csproj", "{05DD3654-8843-4B78-B9D9-223C5520552C}"
EndProject
Project("{9A19103F-16F7-4668-BE54-9A1E7A4F7556}") = "SmartHub.Webapi.Test", "SmartHub.Webapi.Test\SmartHub.Webapi.Test.csproj", "{840D7568-7539-4A0C-BAD2-DC2E8B808594}"
EndProject
Project("{9A19103F-16F7-4668-BE54-9A1E7A4F7556}") = "SmartHub.DB", "DB\SmartHub.DB.csproj", "{9D211392-A004-41B7-A155-24F7E7BDA2D5}"
EndProject
Project("{9A19103F-16F7-4668-BE54-9A1E7A4F7556}") = "SmartHub.Exceptions", "Exception\SmartHub.Exceptions.csproj", "{C62DCE43-C74A-4D2B-8B69-34B8B5599E28}"
EndProject
Project("{9A19103F-16F7-4668-BE54-9A1E7A4F7556}") = "SmartHub.Domain", "Domain\SmartHub.Domain.csproj", "{880F933B-D35D-40C1-96F3-837A02D9AC84}"
EndProject
Project("{9A19103F-16F7-4668-BE54-9A1E7A4F7556}") = "SmartHub.BussinesLogic", "BussinesLogic\SmartHub.BussinesLogic.csproj", "{FFBD1AF2-8562-4DE6-8C03-B8F4C8FBF8DE}"
EndProject
Project("{2150E333-8FDC-42A3-9474-1A3956D46DE8}") = "src", "src", "{059F327F-D3CB-40B2-A4A1-A0A3B32A0643}"
EndProject
Project("{2150E333-8FDC-42A3-9474-1A3956D46DE8}") = "test", "test", "{EABD6E7F-56C2-42FE-904D-C1F3A9CC427F}"
EndProject
Project("{9A19103F-16F7-4668-BE54-9A1E7A4F7556}") = "SmartHub.DataAccess", "DataAccess\SmartHub.DataAccess.csproj", "{963B0EFA-9CA8-43EB-8CD7-8B6472CDBDB8}"
EndProject
Project("{9A19103F-16F7-4668-BE54-9A1E7A4F7556}") = "SmartHub.Model", "Model\SmartHub.Model.csproj", "{46AB4764-DD5A-4966-9AB2-6410FABE662F}"
	ProjectSection(ProjectDependencies) = postProject
		{880F933B-D35D-40C1-96F3-837A02D9AC84} = {880F933B-D35D-40C1-96F3-837A02D9AC84}
	EndProjectSection
EndProject
Project("{2150E333-8FDC-42A3-9474-1A3956D46DE8}") = "deviceImporters", "deviceImporters", "{AA1DD8DA-3C0D-4882-BEC6-EFBC55208360}"
EndProject
Project("{9A19103F-16F7-4668-BE54-9A1E7A4F7556}") = "JsonDeviceImporter", "JsonDeviceImporter\JsonDeviceImporter.csproj", "{674EA233-5883-48D0-A906-5342B976B9C8}"
	ProjectSection(ProjectDependencies) = postProject
		{880F933B-D35D-40C1-96F3-837A02D9AC84} = {880F933B-D35D-40C1-96F3-837A02D9AC84}
	EndProjectSection
EndProject
Project("{2150E333-8FDC-42A3-9474-1A3956D46DE8}") = "modelValidators", "modelValidators", "{344755DA-6CC3-4D86-8192-F1473D1126B2}"
EndProject
Project("{FAE04EC0-301F-11D3-BF4B-00C04F79EFBC}") = "AlphanumericModelValidator", "AlphanumericModelValidator\AlphanumericModelValidator.csproj", "{53DEB6F7-7B3A-425E-B930-87BAB11BCAE8}"
EndProject
Project("{FAE04EC0-301F-11D3-BF4B-00C04F79EFBC}") = "LetterOnlyModelValidator", "LetterOnlyModelValidator\LetterOnlyModelValidator.csproj", "{F35C1C64-2808-4C57-B41F-9885864AA15B}"
EndProject
Global
	GlobalSection(SolutionConfigurationPlatforms) = preSolution
		Debug|Any CPU = Debug|Any CPU
		Release|Any CPU = Release|Any CPU
	EndGlobalSection
	GlobalSection(ProjectConfigurationPlatforms) = postSolution
		{05DD3654-8843-4B78-B9D9-223C5520552C}.Debug|Any CPU.ActiveCfg = Debug|Any CPU
		{05DD3654-8843-4B78-B9D9-223C5520552C}.Debug|Any CPU.Build.0 = Debug|Any CPU
		{05DD3654-8843-4B78-B9D9-223C5520552C}.Release|Any CPU.ActiveCfg = Release|Any CPU
		{05DD3654-8843-4B78-B9D9-223C5520552C}.Release|Any CPU.Build.0 = Release|Any CPU
		{840D7568-7539-4A0C-BAD2-DC2E8B808594}.Debug|Any CPU.ActiveCfg = Debug|Any CPU
		{840D7568-7539-4A0C-BAD2-DC2E8B808594}.Debug|Any CPU.Build.0 = Debug|Any CPU
		{840D7568-7539-4A0C-BAD2-DC2E8B808594}.Release|Any CPU.ActiveCfg = Release|Any CPU
		{840D7568-7539-4A0C-BAD2-DC2E8B808594}.Release|Any CPU.Build.0 = Release|Any CPU
		{9D211392-A004-41B7-A155-24F7E7BDA2D5}.Debug|Any CPU.ActiveCfg = Debug|Any CPU
		{9D211392-A004-41B7-A155-24F7E7BDA2D5}.Debug|Any CPU.Build.0 = Debug|Any CPU
		{9D211392-A004-41B7-A155-24F7E7BDA2D5}.Release|Any CPU.ActiveCfg = Release|Any CPU
		{9D211392-A004-41B7-A155-24F7E7BDA2D5}.Release|Any CPU.Build.0 = Release|Any CPU
		{C62DCE43-C74A-4D2B-8B69-34B8B5599E28}.Debug|Any CPU.ActiveCfg = Debug|Any CPU
		{C62DCE43-C74A-4D2B-8B69-34B8B5599E28}.Debug|Any CPU.Build.0 = Debug|Any CPU
		{C62DCE43-C74A-4D2B-8B69-34B8B5599E28}.Release|Any CPU.ActiveCfg = Release|Any CPU
		{C62DCE43-C74A-4D2B-8B69-34B8B5599E28}.Release|Any CPU.Build.0 = Release|Any CPU
		{880F933B-D35D-40C1-96F3-837A02D9AC84}.Debug|Any CPU.ActiveCfg = Debug|Any CPU
		{880F933B-D35D-40C1-96F3-837A02D9AC84}.Debug|Any CPU.Build.0 = Debug|Any CPU
		{880F933B-D35D-40C1-96F3-837A02D9AC84}.Release|Any CPU.ActiveCfg = Release|Any CPU
		{880F933B-D35D-40C1-96F3-837A02D9AC84}.Release|Any CPU.Build.0 = Release|Any CPU
		{FFBD1AF2-8562-4DE6-8C03-B8F4C8FBF8DE}.Debug|Any CPU.ActiveCfg = Debug|Any CPU
		{FFBD1AF2-8562-4DE6-8C03-B8F4C8FBF8DE}.Debug|Any CPU.Build.0 = Debug|Any CPU
		{FFBD1AF2-8562-4DE6-8C03-B8F4C8FBF8DE}.Release|Any CPU.ActiveCfg = Release|Any CPU
		{FFBD1AF2-8562-4DE6-8C03-B8F4C8FBF8DE}.Release|Any CPU.Build.0 = Release|Any CPU
		{963B0EFA-9CA8-43EB-8CD7-8B6472CDBDB8}.Debug|Any CPU.ActiveCfg = Debug|Any CPU
		{963B0EFA-9CA8-43EB-8CD7-8B6472CDBDB8}.Debug|Any CPU.Build.0 = Debug|Any CPU
		{963B0EFA-9CA8-43EB-8CD7-8B6472CDBDB8}.Release|Any CPU.ActiveCfg = Release|Any CPU
		{963B0EFA-9CA8-43EB-8CD7-8B6472CDBDB8}.Release|Any CPU.Build.0 = Release|Any CPU
		{46AB4764-DD5A-4966-9AB2-6410FABE662F}.Debug|Any CPU.ActiveCfg = Debug|Any CPU
		{46AB4764-DD5A-4966-9AB2-6410FABE662F}.Debug|Any CPU.Build.0 = Debug|Any CPU
		{46AB4764-DD5A-4966-9AB2-6410FABE662F}.Release|Any CPU.ActiveCfg = Release|Any CPU
		{46AB4764-DD5A-4966-9AB2-6410FABE662F}.Release|Any CPU.Build.0 = Release|Any CPU
		{674EA233-5883-48D0-A906-5342B976B9C8}.Debug|Any CPU.ActiveCfg = Debug|Any CPU
		{674EA233-5883-48D0-A906-5342B976B9C8}.Debug|Any CPU.Build.0 = Debug|Any CPU
		{674EA233-5883-48D0-A906-5342B976B9C8}.Release|Any CPU.ActiveCfg = Release|Any CPU
		{674EA233-5883-48D0-A906-5342B976B9C8}.Release|Any CPU.Build.0 = Release|Any CPU
		{53DEB6F7-7B3A-425E-B930-87BAB11BCAE8}.Debug|Any CPU.ActiveCfg = Debug|Any CPU
		{53DEB6F7-7B3A-425E-B930-87BAB11BCAE8}.Debug|Any CPU.Build.0 = Debug|Any CPU
		{53DEB6F7-7B3A-425E-B930-87BAB11BCAE8}.Release|Any CPU.ActiveCfg = Release|Any CPU
		{53DEB6F7-7B3A-425E-B930-87BAB11BCAE8}.Release|Any CPU.Build.0 = Release|Any CPU
		{F35C1C64-2808-4C57-B41F-9885864AA15B}.Debug|Any CPU.ActiveCfg = Debug|Any CPU
		{F35C1C64-2808-4C57-B41F-9885864AA15B}.Debug|Any CPU.Build.0 = Debug|Any CPU
		{F35C1C64-2808-4C57-B41F-9885864AA15B}.Release|Any CPU.ActiveCfg = Release|Any CPU
		{F35C1C64-2808-4C57-B41F-9885864AA15B}.Release|Any CPU.Build.0 = Release|Any CPU
	EndGlobalSection
	GlobalSection(SolutionProperties) = preSolution
		HideSolutionNode = FALSE
	EndGlobalSection
	GlobalSection(NestedProjects) = preSolution
		{05DD3654-8843-4B78-B9D9-223C5520552C} = {059F327F-D3CB-40B2-A4A1-A0A3B32A0643}
		{840D7568-7539-4A0C-BAD2-DC2E8B808594} = {EABD6E7F-56C2-42FE-904D-C1F3A9CC427F}
		{9D211392-A004-41B7-A155-24F7E7BDA2D5} = {059F327F-D3CB-40B2-A4A1-A0A3B32A0643}
		{C62DCE43-C74A-4D2B-8B69-34B8B5599E28} = {059F327F-D3CB-40B2-A4A1-A0A3B32A0643}
		{880F933B-D35D-40C1-96F3-837A02D9AC84} = {059F327F-D3CB-40B2-A4A1-A0A3B32A0643}
		{FFBD1AF2-8562-4DE6-8C03-B8F4C8FBF8DE} = {059F327F-D3CB-40B2-A4A1-A0A3B32A0643}
		{963B0EFA-9CA8-43EB-8CD7-8B6472CDBDB8} = {059F327F-D3CB-40B2-A4A1-A0A3B32A0643}
		{46AB4764-DD5A-4966-9AB2-6410FABE662F} = {059F327F-D3CB-40B2-A4A1-A0A3B32A0643}
		{AA1DD8DA-3C0D-4882-BEC6-EFBC55208360} = {059F327F-D3CB-40B2-A4A1-A0A3B32A0643}
		{674EA233-5883-48D0-A906-5342B976B9C8} = {AA1DD8DA-3C0D-4882-BEC6-EFBC55208360}
		{344755DA-6CC3-4D86-8192-F1473D1126B2} = {059F327F-D3CB-40B2-A4A1-A0A3B32A0643}
		{53DEB6F7-7B3A-425E-B930-87BAB11BCAE8} = {344755DA-6CC3-4D86-8192-F1473D1126B2}
		{F35C1C64-2808-4C57-B41F-9885864AA15B} = {344755DA-6CC3-4D86-8192-F1473D1126B2}
	EndGlobalSection
	GlobalSection(ExtensibilityGlobals) = postSolution
		SolutionGuid = {48413547-599C-445B-B2CF-A549D3E3243E}
	EndGlobalSection
EndGlobal
